
Microsoft Visual Studio Solution File, Format Version 12.00
# Visual Studio Version 17
VisualStudioVersion = 17.3.32825.248
MinimumVisualStudioVersion = 10.0.40219.1
Project("{FAE04EC0-301F-11D3-BF4B-00C04F79EFBC}") = "simple-SQLite-manipulator.cs", "simple-SQLite-manipulator.cs\simple-SQLite-manipulator.cs.csproj", "{84476C9B-2E4E-4C85-A277-A66E62074AF4}"
EndProject
Global
	GlobalSection(SolutionConfigurationPlatforms) = preSolution
		Debug|Any CPU = Debug|Any CPU
		Release|Any CPU = Release|Any CPU
	EndGlobalSection
	GlobalSection(ProjectConfigurationPlatforms) = postSolution
		{84476C9B-2E4E-4C85-A277-A66E62074AF4}.Debug|Any CPU.ActiveCfg = Debug|Any CPU
		{84476C9B-2E4E-4C85-A277-A66E62074AF4}.Debug|Any CPU.Build.0 = Debug|Any CPU
		{84476C9B-2E4E-4C85-A277-A66E62074AF4}.Release|Any CPU.ActiveCfg = Release|Any CPU
		{84476C9B-2E4E-4C85-A277-A66E62074AF4}.Release|Any CPU.Build.0 = Release|Any CPU
	EndGlobalSection
	GlobalSection(SolutionProperties) = preSolution
		HideSolutionNode = FALSE
	EndGlobalSection
	GlobalSection(ExtensibilityGlobals) = postSolution
		SolutionGuid = {5BD3CFF9-A6A4-43BF-A62B-75F26FFFE3AD}
	EndGlobalSection
EndGlobal
